
Microsoft Visual Studio Solution File, Format Version 12.00
# Visual Studio Version 17
VisualStudioVersion = 17.2.32602.215
MinimumVisualStudioVersion = 10.0.40219.1
Project("{FAE04EC0-301F-11D3-BF4B-00C04F79EFBC}") = "ClassLibrary1", "ClassLibrary1.csproj", "{A846EA08-1E6A-4906-8BE2-D849E140C4E1}"
EndProject
Global
	GlobalSection(SolutionConfigurationPlatforms) = preSolution
		Debug|Any CPU = Debug|Any CPU
		Release|Any CPU = Release|Any CPU
	EndGlobalSection
	GlobalSection(ProjectConfigurationPlatforms) = postSolution
		{A846EA08-1E6A-4906-8BE2-D849E140C4E1}.Debug|Any CPU.ActiveCfg = Debug|Any CPU
		{A846EA08-1E6A-4906-8BE2-D849E140C4E1}.Debug|Any CPU.Build.0 = Debug|Any CPU
		{A846EA08-1E6A-4906-8BE2-D849E140C4E1}.Release|Any CPU.ActiveCfg = Release|Any CPU
		{A846EA08-1E6A-4906-8BE2-D849E140C4E1}.Release|Any CPU.Build.0 = Release|Any CPU
	EndGlobalSection
	GlobalSection(SolutionProperties) = preSolution
		HideSolutionNode = FALSE
	EndGlobalSection
	GlobalSection(ExtensibilityGlobals) = postSolution
		SolutionGuid = {F5D62D35-0872-4F76-8595-EDC190239C0B}
	EndGlobalSection
EndGlobal
